
Microsoft Visual Studio Solution File, Format Version 12.00
# Visual Studio Version 16
VisualStudioVersion = 16.0.30907.101
MinimumVisualStudioVersion = 10.0.40219.1
Project("{FAE04EC0-301F-11D3-BF4B-00C04F79EFBC}") = "Egzamin_Lisovskyi_55106", "Egzamin_Lisovskyi_55106\Egzamin_Lisovskyi_55106.csproj", "{81C417F0-184E-40E1-B630-71E10B69C9BF}"
EndProject
Global
	GlobalSection(SolutionConfigurationPlatforms) = preSolution
		Debug|Any CPU = Debug|Any CPU
		Release|Any CPU = Release|Any CPU
	EndGlobalSection
	GlobalSection(ProjectConfigurationPlatforms) = postSolution
		{81C417F0-184E-40E1-B630-71E10B69C9BF}.Debug|Any CPU.ActiveCfg = Debug|Any CPU
		{81C417F0-184E-40E1-B630-71E10B69C9BF}.Debug|Any CPU.Build.0 = Debug|Any CPU
		{81C417F0-184E-40E1-B630-71E10B69C9BF}.Release|Any CPU.ActiveCfg = Release|Any CPU
		{81C417F0-184E-40E1-B630-71E10B69C9BF}.Release|Any CPU.Build.0 = Release|Any CPU
	EndGlobalSection
	GlobalSection(SolutionProperties) = preSolution
		HideSolutionNode = FALSE
	EndGlobalSection
	GlobalSection(ExtensibilityGlobals) = postSolution
		SolutionGuid = {6C9EA503-B260-42BF-AC35-D4E098D826D6}
	EndGlobalSection
EndGlobal
